// !$*UTF8*$!
{
	archiveVersion = 1;
	classes = {
	};
	objectVersion = 50;
	objects = {

/* Begin PBXBuildFile section */
		1E823E9D2429048D00F23D67 /* AppDelegate.m in Sources */ = {isa = PBXBuildFile; fileRef = 1E823E9C2429048D00F23D67 /* AppDelegate.m */; };
		1E823EA02429048D00F23D67 /* SceneDelegate.m in Sources */ = {isa = PBXBuildFile; fileRef = 1E823E9F2429048D00F23D67 /* SceneDelegate.m */; };
		1E823EA32429048D00F23D67 /* ViewController.m in Sources */ = {isa = PBXBuildFile; fileRef = 1E823EA22429048D00F23D67 /* ViewController.m */; };
		1E823EA62429048D00F23D67 /* Main.storyboard in Resources */ = {isa = PBXBuildFile; fileRef = 1E823EA42429048D00F23D67 /* Main.storyboard */; };
		1E823EA82429048F00F23D67 /* Assets.xcassets in Resources */ = {isa = PBXBuildFile; fileRef = 1E823EA72429048F00F23D67 /* Assets.xcassets */; };
		1E823EAB2429048F00F23D67 /* LaunchScreen.storyboard in Resources */ = {isa = PBXBuildFile; fileRef = 1E823EA92429048F00F23D67 /* LaunchScreen.storyboard */; };
		1E823EAE2429048F00F23D67 /* main.m in Sources */ = {isa = PBXBuildFile; fileRef = 1E823EAD2429048F00F23D67 /* main.m */; };
/* End PBXBuildFile section */

/* Begin PBXFileReference section */
		1E823E982429048D00F23D67 /* 通用Demo.app */ = {isa = PBXFileReference; explicitFileType = wrapper.application; includeInIndex = 0; path = "通用Demo.app"; sourceTree = BUILT_PRODUCTS_DIR; };
		1E823E9B2429048D00F23D67 /* AppDelegate.h */ = {isa = PBXFileReference; lastKnownFileType = sourcecode.c.h; path = AppDelegate.h; sourceTree = "<group>"; };
		1E823E9C2429048D00F23D67 /* AppDelegate.m */ = {isa = PBXFileReference; lastKnownFileType = sourcecode.c.objc; path = AppDelegate.m; sourceTree = "<group>"; };
		1E823E9E2429048D00F23D67 /* SceneDelegate.h */ = {isa = PBXFileReference; lastKnownFileType = sourcecode.c.h; path = SceneDelegate.h; sourceTree = "<group>"; };
		1E823E9F2429048D00F23D67 /* SceneDelegate.m */ = {isa = PBXFileReference; lastKnownFileType = sourcecode.c.objc; path = SceneDelegate.m; sourceTree = "<group>"; };
		1E823EA12429048D00F23D67 /* ViewController.h */ = {isa = PBXFileReference; lastKnownFileType = sourcecode.c.h; path = ViewController.h; sourceTree = "<group>"; };
		1E823EA22429048D00F23D67 /* ViewController.m */ = {isa = PBXFileReference; lastKnownFileType = sourcecode.c.objc; path = ViewController.m; sourceTree = "<group>"; };
		1E823EA52429048D00F23D67 /* Base */ = {isa = PBXFileReference; lastKnownFileType = file.storyboard; name = Base; path = Base.lproj/Main.storyboard; sourceTree = "<group>"; };
		1E823EA72429048F00F23D67 /* Assets.xcassets */ = {isa = PBXFileReference; lastKnownFileType = folder.assetcatalog; path = Assets.xcassets; sourceTree = "<group>"; };
		1E823EAA2429048F00F23D67 /* Base */ = {isa = PBXFileReference; lastKnownFileType = file.storyboard; name = Base; path = Base.lproj/LaunchScreen.storyboard; sourceTree = "<group>"; };
		1E823EAC2429048F00F23D67 /* Info.plist */ = {isa = PBXFileReference; lastKnownFileType = text.plist.xml; path = Info.plist; sourceTree = "<group>"; };
		1E823EAD2429048F00F23D67 /* main.m */ = {isa = PBXFileReference; lastKnownFileType = sourcecode.c.objc; path = main.m; sourceTree = "<group>"; };
/* End PBXFileReference section */

/* Begin PBXFrameworksBuildPhase section */
		1E823E952429048D00F23D67 /* Frameworks */ = {
			isa = PBXFrameworksBuildPhase;
			buildActionMask = 2147483647;
			files = (
			);
			runOnlyForDeploymentPostprocessing = 0;
		};
/* End PBXFrameworksBuildPhase section */

/* Begin PBXGroup section */
		1E823E8F2429048D00F23D67 = {
			isa = PBXGroup;
			children = (
				1E823E9A2429048D00F23D67 /* 通用Demo */,
				1E823E992429048D00F23D67 /* Products */,
			);
			sourceTree = "<group>";
		};
		1E823E992429048D00F23D67 /* Products */ = {
			isa = PBXGroup;
			children = (
				1E823E982429048D00F23D67 /* 通用Demo.app */,
			);
			name = Products;
			sourceTree = "<group>";
		};
		1E823E9A2429048D00F23D67 /* 通用Demo */ = {
			isa = PBXGroup;
			children = (
				1E823E9B2429048D00F23D67 /* AppDelegate.h */,
				1E823E9C2429048D00F23D67 /* AppDelegate.m */,
				1E823E9E2429048D00F23D67 /* SceneDelegate.h */,
				1E823E9F2429048D00F23D67 /* SceneDelegate.m */,
				1E823EA12429048D00F23D67 /* ViewController.h */,
				1E823EA22429048D00F23D67 /* ViewController.m */,
				1E823EA42429048D00F23D67 /* Main.storyboard */,
				1E823EA72429048F00F23D67 /* Assets.xcassets */,
				1E823EA92429048F00F23D67 /* LaunchScreen.storyboard */,
				1E823EAC2429048F00F23D67 /* Info.plist */,
				1E823EAD2429048F00F23D67 /* main.m */,
			);
			path = "通用Demo";
			sourceTree = "<group>";
		};
/* End PBXGroup section */

/* Begin PBXNativeTarget section */
		1E823E972429048D00F23D67 /* 通用Demo */ = {
			isa = PBXNativeTarget;
			buildConfigurationList = 1E823EB12429048F00F23D67 /* Build configuration list for PBXNativeTarget "通用Demo" */;
			buildPhases = (
				1E823E942429048D00F23D67 /* Sources */,
				1E823E952429048D00F23D67 /* Frameworks */,
				1E823E962429048D00F23D67 /* Resources */,
			);
			buildRules = (
			);
			dependencies = (
			);
			name = "通用Demo";
			productName = "通用Demo";
			productReference = 1E823E982429048D00F23D67 /* 通用Demo.app */;
			productType = "com.apple.product-type.application";
		};
/* End PBXNativeTarget section */

/* Begin PBXProject section */
		1E823E902429048D00F23D67 /* Project object */ = {
			isa = PBXProject;
			attributes = {
				LastUpgradeCheck = 1120;
				ORGANIZATIONNAME = wcs;
				TargetAttributes = {
					1E823E972429048D00F23D67 = {
						CreatedOnToolsVersion = 11.2.1;
					};
				};
			};
			buildConfigurationList = 1E823E932429048D00F23D67 /* Build configuration list for PBXProject "通用Demo" */;
			compatibilityVersion = "Xcode 9.3";
			developmentRegion = en;
			hasScannedForEncodings = 0;
			knownRegions = (
				en,
				Base,
			);
			mainGroup = 1E823E8F2429048D00F23D67;
			productRefGroup = 1E823E992429048D00F23D67 /* Products */;
			projectDirPath = "";
			projectRoot = "";
			targets = (
				1E823E972429048D00F23D67 /* 通用Demo */,
			);
		};
/* End PBXProject section */

/* Begin PBXResourcesBuildPhase section */
		1E823E962429048D00F23D67 /* Resources */ = {
			isa = PBXResourcesBuildPhase;
			buildActionMask = 2147483647;
			files = (
				1E823EAB2429048F00F23D67 /* LaunchScreen.storyboard in Resources */,
				1E823EA82429048F00F23D67 /* Assets.xcassets in Resources */,
				1E823EA62429048D00F23D67 /* Main.storyboard in Resources */,
			);
			runOnlyForDeploymentPostprocessing = 0;
		};
/* End PBXResourcesBuildPhase section */

/* Begin PBXSourcesBuildPhase section */
		1E823E942429048D00F23D67 /* Sources */ = {
			isa = PBXSourcesBuildPhase;
			buildActionMask = 2147483647;
			files = (
				1E823EA32429048D00F23D67 /* ViewController.m in Sources */,
				1E823E9D2429048D00F23D67 /* AppDelegate.m in Sources */,
				1E823EAE2429048F00F23D67 /* main.m in Sources */,
				1E823EA02429048D00F23D67 /* SceneDelegate.m in Sources */,
			);
			runOnlyForDeploymentPostprocessing = 0;
		};
/* End PBXSourcesBuildPhase section */

/* Begin PBXVariantGroup section */
		1E823EA42429048D00F23D67 /* Main.storyboard */ = {
			isa = PBXVariantGroup;
			children = (
				1E823EA52429048D00F23D67 /* Base */,
			);
			name = Main.storyboard;
			sourceTree = "<group>";
		};
		1E823EA92429048F00F23D67 /* LaunchScreen.storyboard */ = {
			isa = PBXVariantGroup;
			children = (
				1E823EAA2429048F00F23D67 /* Base */,
			);
			name = LaunchScreen.storyboard;
			sourceTree = "<group>";
		};
/* End PBXVariantGroup section */

/* Begin XCBuildConfiguration section */
		1E823EAF2429048F00F23D67 /* Debug */ = {
			isa = XCBuildConfiguration;
			buildSettings = {
				ALWAYS_SEARCH_USER_PATHS = NO;
				CLANG_ANALYZER_NONNULL = YES;
				CLANG_ANALYZER_NUMBER_OBJECT_CONVERSION = YES_AGGRESSIVE;
				CLANG_CXX_LANGUAGE_STANDARD = "gnu++14";
				CLANG_CXX_LIBRARY = "libc++";
				CLANG_ENABLE_MODULES = YES;
				CLANG_ENABLE_OBJC_ARC = YES;
				CLANG_ENABLE_OBJC_WEAK = YES;
				CLANG_WARN_BLOCK_CAPTURE_AUTORELEASING = YES;
				CLANG_WARN_BOOL_CONVERSION = YES;
				CLANG_WARN_COMMA = YES;
				CLANG_WARN_CONSTANT_CONVERSION = YES;
				CLANG_WARN_DEPRECATED_OBJC_IMPLEMENTATIONS = YES;
				CLANG_WARN_DIRECT_OBJC_ISA_USAGE = YES_ERROR;
				CLANG_WARN_DOCUMENTATION_COMMENTS = YES;
				CLANG_WARN_EMPTY_BODY = YES;
				CLANG_WARN_ENUM_CONVERSION = YES;
				CLANG_WARN_INFINITE_RECURSION = YES;
				CLANG_WARN_INT_CONVERSION = YES;
				CLANG_WARN_NON_LITERAL_NULL_CONVERSION = YES;
				CLANG_WARN_OBJC_IMPLICIT_RETAIN_SELF = YES;
				CLANG_WARN_OBJC_LITERAL_CONVERSION = YES;
				CLANG_WARN_OBJC_ROOT_CLASS = YES_ERROR;
				CLANG_WARN_RANGE_LOOP_ANALYSIS = YES;
				CLANG_WARN_STRICT_PROTOTYPES = YES;
				CLANG_WARN_SUSPICIOUS_MOVE = YES;
				CLANG_WARN_UNGUARDED_AVAILABILITY = YES_AGGRESSIVE;
				CLANG_WARN_UNREACHABLE_CODE = YES;
				CLANG_WARN__DUPLICATE_METHOD_MATCH = YES;
				COPY_PHASE_STRIP = NO;
				DEBUG_INFORMATION_FORMAT = dwarf;
				ENABLE_STRICT_OBJC_MSGSEND = YES;
				ENABLE_TESTABILITY = YES;
				GCC_C_LANGUAGE_STANDARD = gnu11;
				GCC_DYNAMIC_NO_PIC = NO;
				GCC_NO_COMMON_BLOCKS = YES;
				GCC_OPTIMIZATION_LEVEL = 0;
				GCC_PREPROCESSOR_DEFINITIONS = (
					"DEBUG=1",
					"$(inherited)",
				);
				GCC_WARN_64_TO_32_BIT_CONVERSION = YES;
				GCC_WARN_ABOUT_RETURN_TYPE = YES_ERROR;
				GCC_WARN_UNDECLARED_SELECTOR = YES;
				GCC_WARN_UNINITIALIZED_AUTOS = YES_AGGRESSIVE;
				GCC_WARN_UNUSED_FUNCTION = YES;
				GCC_WARN_UNUSED_VARIABLE = YES;
				IPHONEOS_DEPLOYMENT_TARGET = 13.2;
				MTL_ENABLE_DEBUG_INFO = INCLUDE_SOURCE;
				MTL_FAST_MATH = YES;
				ONLY_ACTIVE_ARCH = YES;
				SDKROOT = iphoneos;
			};
			name = Debug;
		};
		1E823EB02429048F00F23D67 /* Release */ = {
			isa = XCBuildConfiguration;
			buildSettings = {
				ALWAYS_SEARCH_USER_PATHS = NO;
				CLANG_ANALYZER_NONNULL = YES;
				CLANG_ANALYZER_NUMBER_OBJECT_CONVERSION = YES_AGGRESSIVE;
				CLANG_CXX_LANGUAGE_STANDARD = "gnu++14";
				CLANG_CXX_LIBRARY = "libc++";
				CLANG_ENABLE_MODULES = YES;
				CLANG_ENABLE_OBJC_ARC = YES;
				CLANG_ENABLE_OBJC_WEAK = YES;
				CLANG_WARN_BLOCK_CAPTURE_AUTORELEASING = YES;
				CLANG_WARN_BOOL_CONVERSION = YES;
				CLANG_WARN_COMMA = YES;
				CLANG_WARN_CONSTANT_CONVERSION = YES;
				CLANG_WARN_DEPRECATED_OBJC_IMPLEMENTATIONS = YES;
				CLANG_WARN_DIRECT_OBJC_ISA_USAGE = YES_ERROR;
				CLANG_WARN_DOCUMENTATION_COMMENTS = YES;
				CLANG_WARN_EMPTY_BODY = YES;
				CLANG_WARN_ENUM_CONVERSION = YES;
				CLANG_WARN_INFINITE_RECURSION = YES;
				CLANG_WARN_INT_CONVERSION = YES;
				CLANG_WARN_NON_LITERAL_NULL_CONVERSION = YES;
				CLANG_WARN_OBJC_IMPLICIT_RETAIN_SELF = YES;
				CLANG_WARN_OBJC_LITERAL_CONVERSION = YES;
				CLANG_WARN_OBJC_ROOT_CLASS = YES_ERROR;
				CLANG_WARN_RANGE_LOOP_ANALYSIS = YES;
				CLANG_WARN_STRICT_PROTOTYPES = YES;
				CLANG_WARN_SUSPICIOUS_MOVE = YES;
				CLANG_WARN_UNGUARDED_AVAILABILITY = YES_AGGRESSIVE;
				CLANG_WARN_UNREACHABLE_CODE = YES;
				CLANG_WARN__DUPLICATE_METHOD_MATCH = YES;
				COPY_PHASE_STRIP = NO;
				DEBUG_INFORMATION_FORMAT = "dwarf-with-dsym";
				ENABLE_NS_ASSERTIONS = NO;
				ENABLE_STRICT_OBJC_MSGSEND = YES;
				GCC_C_LANGUAGE_STANDARD = gnu11;
				GCC_NO_COMMON_BLOCKS = YES;
				GCC_WARN_64_TO_32_BIT_CONVERSION = YES;
				GCC_WARN_ABOUT_RETURN_TYPE = YES_ERROR;
				GCC_WARN_UNDECLARED_SELECTOR = YES;
				GCC_WARN_UNINITIALIZED_AUTOS = YES_AGGRESSIVE;
				GCC_WARN_UNUSED_FUNCTION = YES;
				GCC_WARN_UNUSED_VARIABLE = YES;
				IPHONEOS_DEPLOYMENT_TARGET = 13.2;
				MTL_ENABLE_DEBUG_INFO = NO;
				MTL_FAST_MATH = YES;
				SDKROOT = iphoneos;
				VALIDATE_PRODUCT = YES;
			};
			name = Release;
		};
		1E823EB22429048F00F23D67 /* Debug */ = {
			isa = XCBuildConfiguration;
			buildSettings = {
				ASSETCATALOG_COMPILER_APPICON_NAME = AppIcon;
				CODE_SIGN_STYLE = Automatic;
				DEVELOPMENT_TEAM = PK34RS4D8A;
				INFOPLIST_FILE = "通用Demo/Info.plist";
				LD_RUNPATH_SEARCH_PATHS = (
					"$(inherited)",
					"@executable_path/Frameworks",
				);
				PRODUCT_BUNDLE_IDENTIFIER = "wcs.--Demo";
				PRODUCT_NAME = "$(TARGET_NAME)";
				TARGETED_DEVICE_FAMILY = "1,2";
			};
			name = Debug;
		};
		1E823EB32429048F00F23D67 /* Release */ = {
			isa = XCBuildConfiguration;
			buildSettings = {
				ASSETCATALOG_COMPILER_APPICON_NAME = AppIcon;
				CODE_SIGN_STYLE = Automatic;
				DEVELOPMENT_TEAM = PK34RS4D8A;
				INFOPLIST_FILE = "通用Demo/Info.plist";
				LD_RUNPATH_SEARCH_PATHS = (
					"$(inherited)",
					"@executable_path/Frameworks",
				);
				PRODUCT_BUNDLE_IDENTIFIER = "wcs.--Demo";
				PRODUCT_NAME = "$(TARGET_NAME)";
				TARGETED_DEVICE_FAMILY = "1,2";
			};
			name = Release;
		};
/* End XCBuildConfiguration section */

/* Begin XCConfigurationList section */
		1E823E932429048D00F23D67 /* Build configuration list for PBXProject "通用Demo" */ = {
			isa = XCConfigurationList;
			buildConfigurations = (
				1E823EAF2429048F00F23D67 /* Debug */,
				1E823EB02429048F00F23D67 /* Release */,
			);
			defaultConfigurationIsVisible = 0;
			defaultConfigurationName = Release;
		};
		1E823EB12429048F00F23D67 /* Build configuration list for PBXNativeTarget "通用Demo" */ = {
			isa = XCConfigurationList;
			buildConfigurations = (
				1E823EB22429048F00F23D67 /* Debug */,
				1E823EB32429048F00F23D67 /* Release */,
			);
			defaultConfigurationIsVisible = 0;
			defaultConfigurationName = Release;
		};
/* End XCConfigurationList section */
	};
	rootObject = 1E823E902429048D00F23D67 /* Project object */;
}
